
Microsoft Visual Studio Solution File, Format Version 12.00
# Visual Studio Version 17
VisualStudioVersion = 17.8.34511.84
MinimumVisualStudioVersion = 10.0.40219.1
Project("{FAE04EC0-301F-11D3-BF4B-00C04F79EFBC}") = "Net8Demo", "Net8Demo.csproj", "{D1F253DF-7C28-460B-9541-45A8C5A6F98C}"
EndProject
Global
	GlobalSection(SolutionConfigurationPlatforms) = preSolution
		Debug|Any CPU = Debug|Any CPU
		Release|Any CPU = Release|Any CPU
	EndGlobalSection
	GlobalSection(ProjectConfigurationPlatforms) = postSolution
		{D1F253DF-7C28-460B-9541-45A8C5A6F98C}.Debug|Any CPU.ActiveCfg = Debug|Any CPU
		{D1F253DF-7C28-460B-9541-45A8C5A6F98C}.Debug|Any CPU.Build.0 = Debug|Any CPU
		{D1F253DF-7C28-460B-9541-45A8C5A6F98C}.Release|Any CPU.ActiveCfg = Release|Any CPU
		{D1F253DF-7C28-460B-9541-45A8C5A6F98C}.Release|Any CPU.Build.0 = Release|Any CPU
	EndGlobalSection
	GlobalSection(SolutionProperties) = preSolution
		HideSolutionNode = FALSE
	EndGlobalSection
	GlobalSection(ExtensibilityGlobals) = postSolution
		SolutionGuid = {BC3F2074-C4F5-4F9C-BB0B-223D4C93D7CB}
	EndGlobalSection
EndGlobal
